// !$*UTF8*$!
{
	archiveVersion = 1;
	classes = {
	};
	objectVersion = 46;
	objects = {

/* Begin PBXBuildFile section */
		BF8DF65E1C8830DE0017379D /* main.m in Sources */ = {isa = PBXBuildFile; fileRef = BF8DF65D1C8830DE0017379D /* main.m */; };
		BF8DF6611C8830DE0017379D /* AppDelegate.m in Sources */ = {isa = PBXBuildFile; fileRef = BF8DF6601C8830DE0017379D /* AppDelegate.m */; };
		BF8DF6641C8830DE0017379D /* SymphonyTaskMainController.m in Sources */ = {isa = PBXBuildFile; fileRef = BF8DF6631C8830DE0017379D /* SymphonyTaskMainController.m */; };
		BF8DF6671C8830DE0017379D /* Main.storyboard in Resources */ = {isa = PBXBuildFile; fileRef = BF8DF6651C8830DE0017379D /* Main.storyboard */; };
		BF8DF6691C8830DE0017379D /* Assets.xcassets in Resources */ = {isa = PBXBuildFile; fileRef = BF8DF6681C8830DE0017379D /* Assets.xcassets */; };
		BF8DF66C1C8830DE0017379D /* LaunchScreen.storyboard in Resources */ = {isa = PBXBuildFile; fileRef = BF8DF66A1C8830DE0017379D /* LaunchScreen.storyboard */; };
		BF8DF6771C8830DE0017379D /* SymphonyTaskTests.m in Sources */ = {isa = PBXBuildFile; fileRef = BF8DF6761C8830DE0017379D /* SymphonyTaskTests.m */; };
		BF8DF6821C8830DE0017379D /* SymphonyTaskUITests.m in Sources */ = {isa = PBXBuildFile; fileRef = BF8DF6811C8830DE0017379D /* SymphonyTaskUITests.m */; };
		BF8DF6951C88317E0017379D /* NetworkManager.m in Sources */ = {isa = PBXBuildFile; fileRef = BF8DF6941C88317E0017379D /* NetworkManager.m */; };
		BF8DF6981C8836200017379D /* User.m in Sources */ = {isa = PBXBuildFile; fileRef = BF8DF6971C8836200017379D /* User.m */; };
		BF8DF69B1C88362C0017379D /* Post.m in Sources */ = {isa = PBXBuildFile; fileRef = BF8DF69A1C88362C0017379D /* Post.m */; };
		BFB9FAB41C887BF800A24B2F /* NetworkManagerTestClass.m in Sources */ = {isa = PBXBuildFile; fileRef = BFB9FAB31C887BF800A24B2F /* NetworkManagerTestClass.m */; };
/* End PBXBuildFile section */

/* Begin PBXContainerItemProxy section */
		BF8DF6731C8830DE0017379D /* PBXContainerItemProxy */ = {
			isa = PBXContainerItemProxy;
			containerPortal = BF8DF6511C8830DE0017379D /* Project object */;
			proxyType = 1;
			remoteGlobalIDString = BF8DF6581C8830DE0017379D;
			remoteInfo = SymphonyTask;
		};
		BF8DF67E1C8830DE0017379D /* PBXContainerItemProxy */ = {
			isa = PBXContainerItemProxy;
			containerPortal = BF8DF6511C8830DE0017379D /* Project object */;
			proxyType = 1;
			remoteGlobalIDString = BF8DF6581C8830DE0017379D;
			remoteInfo = SymphonyTask;
		};
/* End PBXContainerItemProxy section */

/* Begin PBXFileReference section */
		BF8DF6591C8830DE0017379D /* SymphonyTask.app */ = {isa = PBXFileReference; explicitFileType = wrapper.application; includeInIndex = 0; path = SymphonyTask.app; sourceTree = BUILT_PRODUCTS_DIR; };
		BF8DF65D1C8830DE0017379D /* main.m */ = {isa = PBXFileReference; lastKnownFileType = sourcecode.c.objc; path = main.m; sourceTree = "<group>"; };
		BF8DF65F1C8830DE0017379D /* AppDelegate.h */ = {isa = PBXFileReference; lastKnownFileType = sourcecode.c.h; path = AppDelegate.h; sourceTree = "<group>"; };
		BF8DF6601C8830DE0017379D /* AppDelegate.m */ = {isa = PBXFileReference; lastKnownFileType = sourcecode.c.objc; path = AppDelegate.m; sourceTree = "<group>"; };
		BF8DF6621C8830DE0017379D /* SymphonyTaskMainController.h */ = {isa = PBXFileReference; lastKnownFileType = sourcecode.c.h; path = SymphonyTaskMainController.h; sourceTree = "<group>"; };
		BF8DF6631C8830DE0017379D /* SymphonyTaskMainController.m */ = {isa = PBXFileReference; lastKnownFileType = sourcecode.c.objc; path = SymphonyTaskMainController.m; sourceTree = "<group>"; };
		BF8DF6661C8830DE0017379D /* Base */ = {isa = PBXFileReference; lastKnownFileType = file.storyboard; name = Base; path = Base.lproj/Main.storyboard; sourceTree = "<group>"; };
		BF8DF6681C8830DE0017379D /* Assets.xcassets */ = {isa = PBXFileReference; lastKnownFileType = folder.assetcatalog; path = Assets.xcassets; sourceTree = "<group>"; };
		BF8DF66B1C8830DE0017379D /* Base */ = {isa = PBXFileReference; lastKnownFileType = file.storyboard; name = Base; path = Base.lproj/LaunchScreen.storyboard; sourceTree = "<group>"; };
		BF8DF66D1C8830DE0017379D /* Info.plist */ = {isa = PBXFileReference; lastKnownFileType = text.plist.xml; path = Info.plist; sourceTree = "<group>"; };
		BF8DF6721C8830DE0017379D /* SymphonyTaskTests.xctest */ = {isa = PBXFileReference; explicitFileType = wrapper.cfbundle; includeInIndex = 0; path = SymphonyTaskTests.xctest; sourceTree = BUILT_PRODUCTS_DIR; };
		BF8DF6761C8830DE0017379D /* SymphonyTaskTests.m */ = {isa = PBXFileReference; lastKnownFileType = sourcecode.c.objc; path = SymphonyTaskTests.m; sourceTree = "<group>"; };
		BF8DF6781C8830DE0017379D /* Info.plist */ = {isa = PBXFileReference; lastKnownFileType = text.plist.xml; path = Info.plist; sourceTree = "<group>"; };
		BF8DF67D1C8830DE0017379D /* SymphonyTaskUITests.xctest */ = {isa = PBXFileReference; explicitFileType = wrapper.cfbundle; includeInIndex = 0; path = SymphonyTaskUITests.xctest; sourceTree = BUILT_PRODUCTS_DIR; };
		BF8DF6811C8830DE0017379D /* SymphonyTaskUITests.m */ = {isa = PBXFileReference; lastKnownFileType = sourcecode.c.objc; path = SymphonyTaskUITests.m; sourceTree = "<group>"; };
		BF8DF6831C8830DE0017379D /* Info.plist */ = {isa = PBXFileReference; lastKnownFileType = text.plist.xml; path = Info.plist; sourceTree = "<group>"; };
		BF8DF6931C88317E0017379D /* NetworkManager.h */ = {isa = PBXFileReference; fileEncoding = 4; lastKnownFileType = sourcecode.c.h; path = NetworkManager.h; sourceTree = "<group>"; };
		BF8DF6941C88317E0017379D /* NetworkManager.m */ = {isa = PBXFileReference; fileEncoding = 4; lastKnownFileType = sourcecode.c.objc; path = NetworkManager.m; sourceTree = "<group>"; };
		BF8DF6961C8836200017379D /* User.h */ = {isa = PBXFileReference; fileEncoding = 4; lastKnownFileType = sourcecode.c.h; name = User.h; path = Models/User.h; sourceTree = "<group>"; };
		BF8DF6971C8836200017379D /* User.m */ = {isa = PBXFileReference; fileEncoding = 4; lastKnownFileType = sourcecode.c.objc; name = User.m; path = Models/User.m; sourceTree = "<group>"; };
		BF8DF6991C88362C0017379D /* Post.h */ = {isa = PBXFileReference; fileEncoding = 4; lastKnownFileType = sourcecode.c.h; path = Post.h; sourceTree = "<group>"; };
		BF8DF69A1C88362C0017379D /* Post.m */ = {isa = PBXFileReference; fileEncoding = 4; lastKnownFileType = sourcecode.c.objc; path = Post.m; sourceTree = "<group>"; };
		BFB9FAB31C887BF800A24B2F /* NetworkManagerTestClass.m */ = {isa = PBXFileReference; fileEncoding = 4; lastKnownFileType = sourcecode.c.objc; path = NetworkManagerTestClass.m; sourceTree = "<group>"; };
/* End PBXFileReference section */

/* Begin PBXFrameworksBuildPhase section */
		BF8DF6561C8830DE0017379D /* Frameworks */ = {
			isa = PBXFrameworksBuildPhase;
			buildActionMask = 2147483647;
			files = (
			);
			runOnlyForDeploymentPostprocessing = 0;
		};
		BF8DF66F1C8830DE0017379D /* Frameworks */ = {
			isa = PBXFrameworksBuildPhase;
			buildActionMask = 2147483647;
			files = (
			);
			runOnlyForDeploymentPostprocessing = 0;
		};
		BF8DF67A1C8830DE0017379D /* Frameworks */ = {
			isa = PBXFrameworksBuildPhase;
			buildActionMask = 2147483647;
			files = (
			);
			runOnlyForDeploymentPostprocessing = 0;
		};
/* End PBXFrameworksBuildPhase section */

/* Begin PBXGroup section */
		BF8DF6501C8830DE0017379D = {
			isa = PBXGroup;
			children = (
				BF8DF65B1C8830DE0017379D /* SymphonyTask */,
				BF8DF6751C8830DE0017379D /* SymphonyTaskTests */,
				BF8DF6801C8830DE0017379D /* SymphonyTaskUITests */,
				BF8DF65A1C8830DE0017379D /* Products */,
			);
			sourceTree = "<group>";
		};
		BF8DF65A1C8830DE0017379D /* Products */ = {
			isa = PBXGroup;
			children = (
				BF8DF6591C8830DE0017379D /* SymphonyTask.app */,
				BF8DF6721C8830DE0017379D /* SymphonyTaskTests.xctest */,
				BF8DF67D1C8830DE0017379D /* SymphonyTaskUITests.xctest */,
			);
			name = Products;
			sourceTree = "<group>";
		};
		BF8DF65B1C8830DE0017379D /* SymphonyTask */ = {
			isa = PBXGroup;
			children = (
				BFB9FAB21C887BCB00A24B2F /* Tests */,
				BF8DF68F1C8831250017379D /* NetworkManager */,
				BF8DF6901C8831380017379D /* Models */,
				BF8DF6911C8831430017379D /* Controllers */,
				BF8DF6921C88314D0017379D /* UI */,
				BF8DF6681C8830DE0017379D /* Assets.xcassets */,
				BF8DF66A1C8830DE0017379D /* LaunchScreen.storyboard */,
				BF8DF66D1C8830DE0017379D /* Info.plist */,
				BF8DF65C1C8830DE0017379D /* Supporting Files */,
			);
			path = SymphonyTask;
			sourceTree = "<group>";
		};
		BF8DF65C1C8830DE0017379D /* Supporting Files */ = {
			isa = PBXGroup;
			children = (
				BF8DF65F1C8830DE0017379D /* AppDelegate.h */,
				BF8DF6601C8830DE0017379D /* AppDelegate.m */,
				BF8DF65D1C8830DE0017379D /* main.m */,
			);
			name = "Supporting Files";
			sourceTree = "<group>";
		};
		BF8DF6751C8830DE0017379D /* SymphonyTaskTests */ = {
			isa = PBXGroup;
			children = (
				BF8DF6761C8830DE0017379D /* SymphonyTaskTests.m */,
				BF8DF6781C8830DE0017379D /* Info.plist */,
			);
			path = SymphonyTaskTests;
			sourceTree = "<group>";
		};
		BF8DF6801C8830DE0017379D /* SymphonyTaskUITests */ = {
			isa = PBXGroup;
			children = (
				BF8DF6811C8830DE0017379D /* SymphonyTaskUITests.m */,
				BF8DF6831C8830DE0017379D /* Info.plist */,
			);
			path = SymphonyTaskUITests;
			sourceTree = "<group>";
		};
		BF8DF68F1C8831250017379D /* NetworkManager */ = {
			isa = PBXGroup;
			children = (
				BF8DF6931C88317E0017379D /* NetworkManager.h */,
				BF8DF6941C88317E0017379D /* NetworkManager.m */,
			);
			name = NetworkManager;
			sourceTree = "<group>";
		};
		BF8DF6901C8831380017379D /* Models */ = {
			isa = PBXGroup;
			children = (
				BF8DF6961C8836200017379D /* User.h */,
				BF8DF6971C8836200017379D /* User.m */,
				BF8DF6991C88362C0017379D /* Post.h */,
				BF8DF69A1C88362C0017379D /* Post.m */,
			);
			name = Models;
			sourceTree = "<group>";
		};
		BF8DF6911C8831430017379D /* Controllers */ = {
			isa = PBXGroup;
			children = (
				BF8DF6621C8830DE0017379D /* SymphonyTaskMainController.h */,
				BF8DF6631C8830DE0017379D /* SymphonyTaskMainController.m */,
			);
			name = Controllers;
			sourceTree = "<group>";
		};
		BF8DF6921C88314D0017379D /* UI */ = {
			isa = PBXGroup;
			children = (
				BF8DF6651C8830DE0017379D /* Main.storyboard */,
			);
			name = UI;
			sourceTree = "<group>";
		};
		BFB9FAB21C887BCB00A24B2F /* Tests */ = {
			isa = PBXGroup;
			children = (
				BFB9FAB31C887BF800A24B2F /* NetworkManagerTestClass.m */,
			);
			name = Tests;
			sourceTree = "<group>";
		};
/* End PBXGroup section */

/* Begin PBXNativeTarget section */
		BF8DF6581C8830DE0017379D /* SymphonyTask */ = {
			isa = PBXNativeTarget;
			buildConfigurationList = BF8DF6861C8830DE0017379D /* Build configuration list for PBXNativeTarget "SymphonyTask" */;
			buildPhases = (
				BF8DF6551C8830DE0017379D /* Sources */,
				BF8DF6561C8830DE0017379D /* Frameworks */,
				BF8DF6571C8830DE0017379D /* Resources */,
			);
			buildRules = (
			);
			dependencies = (
			);
			name = SymphonyTask;
			productName = SymphonyTask;
			productReference = BF8DF6591C8830DE0017379D /* SymphonyTask.app */;
			productType = "com.apple.product-type.application";
		};
		BF8DF6711C8830DE0017379D /* SymphonyTaskTests */ = {
			isa = PBXNativeTarget;
			buildConfigurationList = BF8DF6891C8830DE0017379D /* Build configuration list for PBXNativeTarget "SymphonyTaskTests" */;
			buildPhases = (
				BF8DF66E1C8830DE0017379D /* Sources */,
				BF8DF66F1C8830DE0017379D /* Frameworks */,
				BF8DF6701C8830DE0017379D /* Resources */,
			);
			buildRules = (
			);
			dependencies = (
				BF8DF6741C8830DE0017379D /* PBXTargetDependency */,
			);
			name = SymphonyTaskTests;
			productName = SymphonyTaskTests;
			productReference = BF8DF6721C8830DE0017379D /* SymphonyTaskTests.xctest */;
			productType = "com.apple.product-type.bundle.unit-test";
		};
		BF8DF67C1C8830DE0017379D /* SymphonyTaskUITests */ = {
			isa = PBXNativeTarget;
			buildConfigurationList = BF8DF68C1C8830DE0017379D /* Build configuration list for PBXNativeTarget "SymphonyTaskUITests" */;
			buildPhases = (
				BF8DF6791C8830DE0017379D /* Sources */,
				BF8DF67A1C8830DE0017379D /* Frameworks */,
				BF8DF67B1C8830DE0017379D /* Resources */,
			);
			buildRules = (
			);
			dependencies = (
				BF8DF67F1C8830DE0017379D /* PBXTargetDependency */,
			);
			name = SymphonyTaskUITests;
			productName = SymphonyTaskUITests;
			productReference = BF8DF67D1C8830DE0017379D /* SymphonyTaskUITests.xctest */;
			productType = "com.apple.product-type.bundle.ui-testing";
		};
/* End PBXNativeTarget section */

/* Begin PBXProject section */
		BF8DF6511C8830DE0017379D /* Project object */ = {
			isa = PBXProject;
			attributes = {
				LastUpgradeCheck = 0720;
				ORGANIZATIONNAME = "Taras Pasichnyk";
				TargetAttributes = {
					BF8DF6581C8830DE0017379D = {
						CreatedOnToolsVersion = 7.2.1;
						DevelopmentTeam = M96K5GV7MA;
					};
					BF8DF6711C8830DE0017379D = {
						CreatedOnToolsVersion = 7.2.1;
						DevelopmentTeam = M96K5GV7MA;
						TestTargetID = BF8DF6581C8830DE0017379D;
					};
					BF8DF67C1C8830DE0017379D = {
						CreatedOnToolsVersion = 7.2.1;
						DevelopmentTeam = M96K5GV7MA;
						TestTargetID = BF8DF6581C8830DE0017379D;
					};
				};
			};
			buildConfigurationList = BF8DF6541C8830DE0017379D /* Build configuration list for PBXProject "SymphonyTask" */;
			compatibilityVersion = "Xcode 3.2";
			developmentRegion = English;
			hasScannedForEncodings = 0;
			knownRegions = (
				en,
				Base,
			);
			mainGroup = BF8DF6501C8830DE0017379D;
			productRefGroup = BF8DF65A1C8830DE0017379D /* Products */;
			projectDirPath = "";
			projectRoot = "";
			targets = (
				BF8DF6581C8830DE0017379D /* SymphonyTask */,
				BF8DF6711C8830DE0017379D /* SymphonyTaskTests */,
				BF8DF67C1C8830DE0017379D /* SymphonyTaskUITests */,
			);
		};
/* End PBXProject section */

/* Begin PBXResourcesBuildPhase section */
		BF8DF6571C8830DE0017379D /* Resources */ = {
			isa = PBXResourcesBuildPhase;
			buildActionMask = 2147483647;
			files = (
				BF8DF66C1C8830DE0017379D /* LaunchScreen.storyboard in Resources */,
				BF8DF6691C8830DE0017379D /* Assets.xcassets in Resources */,
				BF8DF6671C8830DE0017379D /* Main.storyboard in Resources */,
			);
			runOnlyForDeploymentPostprocessing = 0;
		};
		BF8DF6701C8830DE0017379D /* Resources */ = {
			isa = PBXResourcesBuildPhase;
			buildActionMask = 2147483647;
			files = (
			);
			runOnlyForDeploymentPostprocessing = 0;
		};
		BF8DF67B1C8830DE0017379D /* Resources */ = {
			isa = PBXResourcesBuildPhase;
			buildActionMask = 2147483647;
			files = (
			);
			runOnlyForDeploymentPostprocessing = 0;
		};
/* End PBXResourcesBuildPhase section */

/* Begin PBXSourcesBuildPhase section */
		BF8DF6551C8830DE0017379D /* Sources */ = {
			isa = PBXSourcesBuildPhase;
			buildActionMask = 2147483647;
			files = (
				BF8DF6981C8836200017379D /* User.m in Sources */,
				BF8DF69B1C88362C0017379D /* Post.m in Sources */,
				BF8DF6951C88317E0017379D /* NetworkManager.m in Sources */,
				BF8DF6641C8830DE0017379D /* SymphonyTaskMainController.m in Sources */,
				BF8DF6611C8830DE0017379D /* AppDelegate.m in Sources */,
				BF8DF65E1C8830DE0017379D /* main.m in Sources */,
			);
			runOnlyForDeploymentPostprocessing = 0;
		};
		BF8DF66E1C8830DE0017379D /* Sources */ = {
			isa = PBXSourcesBuildPhase;
			buildActionMask = 2147483647;
			files = (
				BF8DF6771C8830DE0017379D /* SymphonyTaskTests.m in Sources */,
				BFB9FAB41C887BF800A24B2F /* NetworkManagerTestClass.m in Sources */,
			);
			runOnlyForDeploymentPostprocessing = 0;
		};
		BF8DF6791C8830DE0017379D /* Sources */ = {
			isa = PBXSourcesBuildPhase;
			buildActionMask = 2147483647;
			files = (
				BF8DF6821C8830DE0017379D /* SymphonyTaskUITests.m in Sources */,
			);
			runOnlyForDeploymentPostprocessing = 0;
		};
/* End PBXSourcesBuildPhase section */

/* Begin PBXTargetDependency section */
		BF8DF6741C8830DE0017379D /* PBXTargetDependency */ = {
			isa = PBXTargetDependency;
			target = BF8DF6581C8830DE0017379D /* SymphonyTask */;
			targetProxy = BF8DF6731C8830DE0017379D /* PBXContainerItemProxy */;
		};
		BF8DF67F1C8830DE0017379D /* PBXTargetDependency */ = {
			isa = PBXTargetDependency;
			target = BF8DF6581C8830DE0017379D /* SymphonyTask */;
			targetProxy = BF8DF67E1C8830DE0017379D /* PBXContainerItemProxy */;
		};
/* End PBXTargetDependency section */

/* Begin PBXVariantGroup section */
		BF8DF6651C8830DE0017379D /* Main.storyboard */ = {
			isa = PBXVariantGroup;
			children = (
				BF8DF6661C8830DE0017379D /* Base */,
			);
			name = Main.storyboard;
			sourceTree = "<group>";
		};
		BF8DF66A1C8830DE0017379D /* LaunchScreen.storyboard */ = {
			isa = PBXVariantGroup;
			children = (
				BF8DF66B1C8830DE0017379D /* Base */,
			);
			name = LaunchScreen.storyboard;
			sourceTree = "<group>";
		};
/* End PBXVariantGroup section */

/* Begin XCBuildConfiguration section */
		BF8DF6841C8830DE0017379D /* Debug */ = {
			isa = XCBuildConfiguration;
			buildSettings = {
				ALWAYS_SEARCH_USER_PATHS = NO;
				CLANG_CXX_LANGUAGE_STANDARD = "gnu++0x";
				CLANG_CXX_LIBRARY = "libc++";
				CLANG_ENABLE_MODULES = YES;
				CLANG_ENABLE_OBJC_ARC = YES;
				CLANG_WARN_BOOL_CONVERSION = YES;
				CLANG_WARN_CONSTANT_CONVERSION = YES;
				CLANG_WARN_DIRECT_OBJC_ISA_USAGE = YES_ERROR;
				CLANG_WARN_EMPTY_BODY = YES;
				CLANG_WARN_ENUM_CONVERSION = YES;
				CLANG_WARN_INT_CONVERSION = YES;
				CLANG_WARN_OBJC_ROOT_CLASS = YES_ERROR;
				CLANG_WARN_UNREACHABLE_CODE = YES;
				CLANG_WARN__DUPLICATE_METHOD_MATCH = YES;
				"CODE_SIGN_IDENTITY[sdk=iphoneos*]" = "iPhone Developer";
				COPY_PHASE_STRIP = NO;
				DEBUG_INFORMATION_FORMAT = dwarf;
				ENABLE_STRICT_OBJC_MSGSEND = YES;
				ENABLE_TESTABILITY = YES;
				GCC_C_LANGUAGE_STANDARD = gnu99;
				GCC_DYNAMIC_NO_PIC = NO;
				GCC_NO_COMMON_BLOCKS = YES;
				GCC_OPTIMIZATION_LEVEL = 0;
				GCC_PREPROCESSOR_DEFINITIONS = (
					"DEBUG=1",
					"$(inherited)",
				);
				GCC_WARN_64_TO_32_BIT_CONVERSION = YES;
				GCC_WARN_ABOUT_RETURN_TYPE = YES_ERROR;
				GCC_WARN_UNDECLARED_SELECTOR = YES;
				GCC_WARN_UNINITIALIZED_AUTOS = YES_AGGRESSIVE;
				GCC_WARN_UNUSED_FUNCTION = YES;
				GCC_WARN_UNUSED_VARIABLE = YES;
				IPHONEOS_DEPLOYMENT_TARGET = 9.2;
				MTL_ENABLE_DEBUG_INFO = YES;
				ONLY_ACTIVE_ARCH = YES;
				SDKROOT = iphoneos;
				TARGETED_DEVICE_FAMILY = "1,2";
			};
			name = Debug;
		};
		BF8DF6851C8830DE0017379D /* Release */ = {
			isa = XCBuildConfiguration;
			buildSettings = {
				ALWAYS_SEARCH_USER_PATHS = NO;
				CLANG_CXX_LANGUAGE_STANDARD = "gnu++0x";
				CLANG_CXX_LIBRARY = "libc++";
				CLANG_ENABLE_MODULES = YES;
				CLANG_ENABLE_OBJC_ARC = YES;
				CLANG_WARN_BOOL_CONVERSION = YES;
				CLANG_WARN_CONSTANT_CONVERSION = YES;
				CLANG_WARN_DIRECT_OBJC_ISA_USAGE = YES_ERROR;
				CLANG_WARN_EMPTY_BODY = YES;
				CLANG_WARN_ENUM_CONVERSION = YES;
				CLANG_WARN_INT_CONVERSION = YES;
				CLANG_WARN_OBJC_ROOT_CLASS = YES_ERROR;
				CLANG_WARN_UNREACHABLE_CODE = YES;
				CLANG_WARN__DUPLICATE_METHOD_MATCH = YES;
				"CODE_SIGN_IDENTITY[sdk=iphoneos*]" = "iPhone Developer";
				COPY_PHASE_STRIP = NO;
				DEBUG_INFORMATION_FORMAT = "dwarf-with-dsym";
				ENABLE_NS_ASSERTIONS = NO;
				ENABLE_STRICT_OBJC_MSGSEND = YES;
				GCC_C_LANGUAGE_STANDARD = gnu99;
				GCC_NO_COMMON_BLOCKS = YES;
				GCC_WARN_64_TO_32_BIT_CONVERSION = YES;
				GCC_WARN_ABOUT_RETURN_TYPE = YES_ERROR;
				GCC_WARN_UNDECLARED_SELECTOR = YES;
				GCC_WARN_UNINITIALIZED_AUTOS = YES_AGGRESSIVE;
				GCC_WARN_UNUSED_FUNCTION = YES;
				GCC_WARN_UNUSED_VARIABLE = YES;
				IPHONEOS_DEPLOYMENT_TARGET = 9.2;
				MTL_ENABLE_DEBUG_INFO = NO;
				SDKROOT = iphoneos;
				TARGETED_DEVICE_FAMILY = "1,2";
				VALIDATE_PRODUCT = YES;
			};
			name = Release;
		};
		BF8DF6871C8830DE0017379D /* Debug */ = {
			isa = XCBuildConfiguration;
			buildSettings = {
				ASSETCATALOG_COMPILER_APPICON_NAME = AppIcon;
				INFOPLIST_FILE = SymphonyTask/Info.plist;
				LD_RUNPATH_SEARCH_PATHS = "$(inherited) @executable_path/Frameworks";
				PRODUCT_BUNDLE_IDENTIFIER = com.Hardteam.SymphonyTask;
				PRODUCT_NAME = "$(TARGET_NAME)";
			};
			name = Debug;
		};
		BF8DF6881C8830DE0017379D /* Release */ = {
			isa = XCBuildConfiguration;
			buildSettings = {
				ASSETCATALOG_COMPILER_APPICON_NAME = AppIcon;
				INFOPLIST_FILE = SymphonyTask/Info.plist;
				LD_RUNPATH_SEARCH_PATHS = "$(inherited) @executable_path/Frameworks";
				PRODUCT_BUNDLE_IDENTIFIER = com.Hardteam.SymphonyTask;
				PRODUCT_NAME = "$(TARGET_NAME)";
			};
			name = Release;
		};
		BF8DF68A1C8830DE0017379D /* Debug */ = {
			isa = XCBuildConfiguration;
			buildSettings = {
				BUNDLE_LOADER = "$(TEST_HOST)";
				INFOPLIST_FILE = SymphonyTaskTests/Info.plist;
				LD_RUNPATH_SEARCH_PATHS = "$(inherited) @executable_path/Frameworks @loader_path/Frameworks";
				PRODUCT_BUNDLE_IDENTIFIER = com.Hardteam.SymphonyTaskTests;
				PRODUCT_NAME = "$(TARGET_NAME)";
				TEST_HOST = "$(BUILT_PRODUCTS_DIR)/SymphonyTask.app/SymphonyTask";
			};
			name = Debug;
		};
		BF8DF68B1C8830DE0017379D /* Release */ = {
			isa = XCBuildConfiguration;
			buildSettings = {
				BUNDLE_LOADER = "$(TEST_HOST)";
				INFOPLIST_FILE = SymphonyTaskTests/Info.plist;
				LD_RUNPATH_SEARCH_PATHS = "$(inherited) @executable_path/Frameworks @loader_path/Frameworks";
				PRODUCT_BUNDLE_IDENTIFIER = com.Hardteam.SymphonyTaskTests;
				PRODUCT_NAME = "$(TARGET_NAME)";
				TEST_HOST = "$(BUILT_PRODUCTS_DIR)/SymphonyTask.app/SymphonyTask";
			};
			name = Release;
		};
		BF8DF68D1C8830DE0017379D /* Debug */ = {
			isa = XCBuildConfiguration;
			buildSettings = {
				INFOPLIST_FILE = SymphonyTaskUITests/Info.plist;
				LD_RUNPATH_SEARCH_PATHS = "$(inherited) @executable_path/Frameworks @loader_path/Frameworks";
				PRODUCT_BUNDLE_IDENTIFIER = com.Hardteam.SymphonyTaskUITests;
				PRODUCT_NAME = "$(TARGET_NAME)";
				TEST_TARGET_NAME = SymphonyTask;
				USES_XCTRUNNER = YES;
			};
			name = Debug;
		};
		BF8DF68E1C8830DE0017379D /* Release */ = {
			isa = XCBuildConfiguration;
			buildSettings = {
				INFOPLIST_FILE = SymphonyTaskUITests/Info.plist;
				LD_RUNPATH_SEARCH_PATHS = "$(inherited) @executable_path/Frameworks @loader_path/Frameworks";
				PRODUCT_BUNDLE_IDENTIFIER = com.Hardteam.SymphonyTaskUITests;
				PRODUCT_NAME = "$(TARGET_NAME)";
				TEST_TARGET_NAME = SymphonyTask;
				USES_XCTRUNNER = YES;
			};
			name = Release;
		};
/* End XCBuildConfiguration section */

/* Begin XCConfigurationList section */
		BF8DF6541C8830DE0017379D /* Build configuration list for PBXProject "SymphonyTask" */ = {
			isa = XCConfigurationList;
			buildConfigurations = (
				BF8DF6841C8830DE0017379D /* Debug */,
				BF8DF6851C8830DE0017379D /* Release */,
			);
			defaultConfigurationIsVisible = 0;
			defaultConfigurationName = Release;
		};
		BF8DF6861C8830DE0017379D /* Build configuration list for PBXNativeTarget "SymphonyTask" */ = {
			isa = XCConfigurationList;
			buildConfigurations = (
				BF8DF6871C8830DE0017379D /* Debug */,
				BF8DF6881C8830DE0017379D /* Release */,
			);
			defaultConfigurationIsVisible = 0;
			defaultConfigurationName = Release;
		};
		BF8DF6891C8830DE0017379D /* Build configuration list for PBXNativeTarget "SymphonyTaskTests" */ = {
			isa = XCConfigurationList;
			buildConfigurations = (
				BF8DF68A1C8830DE0017379D /* Debug */,
				BF8DF68B1C8830DE0017379D /* Release */,
			);
			defaultConfigurationIsVisible = 0;
			defaultConfigurationName = Release;
		};
		BF8DF68C1C8830DE0017379D /* Build configuration list for PBXNativeTarget "SymphonyTaskUITests" */ = {
			isa = XCConfigurationList;
			buildConfigurations = (
				BF8DF68D1C8830DE0017379D /* Debug */,
				BF8DF68E1C8830DE0017379D /* Release */,
			);
			defaultConfigurationIsVisible = 0;
			defaultConfigurationName = Release;
		};
/* End XCConfigurationList section */
	};
	rootObject = BF8DF6511C8830DE0017379D /* Project object */;
}
